
Microsoft Visual Studio Solution File, Format Version 12.00
# Visual Studio Version 17
VisualStudioVersion = 17.6.33617.297
MinimumVisualStudioVersion = 10.0.40219.1
Project("{FAE04EC0-301F-11D3-BF4B-00C04F79EFBC}") = "MauiApp3", "MauiApp3.csproj", "{551FAB75-9EAD-4D59-BCE0-7F3BF31C5EB3}"
EndProject
Global
	GlobalSection(SolutionConfigurationPlatforms) = preSolution
		Debug|Any CPU = Debug|Any CPU
		Release|Any CPU = Release|Any CPU
	EndGlobalSection
	GlobalSection(ProjectConfigurationPlatforms) = postSolution
		{551FAB75-9EAD-4D59-BCE0-7F3BF31C5EB3}.Debug|Any CPU.ActiveCfg = Debug|Any CPU
		{551FAB75-9EAD-4D59-BCE0-7F3BF31C5EB3}.Debug|Any CPU.Build.0 = Debug|Any CPU
		{551FAB75-9EAD-4D59-BCE0-7F3BF31C5EB3}.Debug|Any CPU.Deploy.0 = Debug|Any CPU
		{551FAB75-9EAD-4D59-BCE0-7F3BF31C5EB3}.Release|Any CPU.ActiveCfg = Release|Any CPU
		{551FAB75-9EAD-4D59-BCE0-7F3BF31C5EB3}.Release|Any CPU.Build.0 = Release|Any CPU
		{551FAB75-9EAD-4D59-BCE0-7F3BF31C5EB3}.Release|Any CPU.Deploy.0 = Release|Any CPU
	EndGlobalSection
	GlobalSection(SolutionProperties) = preSolution
		HideSolutionNode = FALSE
	EndGlobalSection
	GlobalSection(ExtensibilityGlobals) = postSolution
		SolutionGuid = {C3844A55-1C69-4781-B64C-B6F842367B4C}
	EndGlobalSection
EndGlobal
